
Microsoft Visual Studio Solution File, Format Version 12.00
# Visual Studio Version 16
VisualStudioVersion = 16.0.29025.244
MinimumVisualStudioVersion = 10.0.40219.1
Project("{9A19103F-16F7-4668-BE54-9A1E7A4F7556}") = "Maze Game", "Maze Game\Maze Game.csproj", "{65674152-1840-480B-89CE-9FAE6BCBF535}"
EndProject
Project("{FAE04EC0-301F-11D3-BF4B-00C04F79EFBC}") = "Maze Game_Common", "Maze Game_Common\Maze Game_Common.csproj", "{ADF73CB3-70F8-43A1-925F-D8BB5E8B90E2}"
EndProject
Global
	GlobalSection(SolutionConfigurationPlatforms) = preSolution
		Debug|Any CPU = Debug|Any CPU
		Release|Any CPU = Release|Any CPU
	EndGlobalSection
	GlobalSection(ProjectConfigurationPlatforms) = postSolution
		{65674152-1840-480B-89CE-9FAE6BCBF535}.Debug|Any CPU.ActiveCfg = Debug|Any CPU
		{65674152-1840-480B-89CE-9FAE6BCBF535}.Debug|Any CPU.Build.0 = Debug|Any CPU
		{65674152-1840-480B-89CE-9FAE6BCBF535}.Release|Any CPU.ActiveCfg = Release|Any CPU
		{65674152-1840-480B-89CE-9FAE6BCBF535}.Release|Any CPU.Build.0 = Release|Any CPU
		{ADF73CB3-70F8-43A1-925F-D8BB5E8B90E2}.Debug|Any CPU.ActiveCfg = Debug|Any CPU
		{ADF73CB3-70F8-43A1-925F-D8BB5E8B90E2}.Debug|Any CPU.Build.0 = Debug|Any CPU
		{ADF73CB3-70F8-43A1-925F-D8BB5E8B90E2}.Release|Any CPU.ActiveCfg = Release|Any CPU
		{ADF73CB3-70F8-43A1-925F-D8BB5E8B90E2}.Release|Any CPU.Build.0 = Release|Any CPU
	EndGlobalSection
	GlobalSection(SolutionProperties) = preSolution
		HideSolutionNode = FALSE
	EndGlobalSection
	GlobalSection(ExtensibilityGlobals) = postSolution
		SolutionGuid = {F32D0FEC-9891-4B49-87E6-0EF47912501D}
	EndGlobalSection
EndGlobal
